// !$*UTF8*$!
{
	archiveVersion = 1;
	classes = {
	};
	objectVersion = 56;
	objects = {

/* Begin PBXBuildFile section */
		B6462E322A91A822005CB47D /* ModalProblemApp.swift in Sources */ = {isa = PBXBuildFile; fileRef = B6462E312A91A822005CB47D /* ModalProblemApp.swift */; };
		B6462E342A91A822005CB47D /* ContentView.swift in Sources */ = {isa = PBXBuildFile; fileRef = B6462E332A91A822005CB47D /* ContentView.swift */; };
		B6462E362A91A823005CB47D /* Assets.xcassets in Resources */ = {isa = PBXBuildFile; fileRef = B6462E352A91A823005CB47D /* Assets.xcassets */; };
		B6462E392A91A823005CB47D /* Preview Assets.xcassets in Resources */ = {isa = PBXBuildFile; fileRef = B6462E382A91A823005CB47D /* Preview Assets.xcassets */; };
		B6462E412A91A84D005CB47D /* DismissManyView.swift in Sources */ = {isa = PBXBuildFile; fileRef = B6462E3F2A91A84D005CB47D /* DismissManyView.swift */; };
		B6462E422A91A84D005CB47D /* PresentManyView.swift in Sources */ = {isa = PBXBuildFile; fileRef = B6462E402A91A84D005CB47D /* PresentManyView.swift */; };
		B6462E442A91A878005CB47D /* SheetToFullScreenView.swift in Sources */ = {isa = PBXBuildFile; fileRef = B6462E432A91A878005CB47D /* SheetToFullScreenView.swift */; };
		B6462E462A91A932005CB47D /* SheetToAlertView.swift in Sources */ = {isa = PBXBuildFile; fileRef = B6462E452A91A932005CB47D /* SheetToAlertView.swift */; };
		B6462E482A91A93C005CB47D /* FreezeView.swift in Sources */ = {isa = PBXBuildFile; fileRef = B6462E472A91A93C005CB47D /* FreezeView.swift */; };
		B6462E4A2A91A941005CB47D /* CrashView.swift in Sources */ = {isa = PBXBuildFile; fileRef = B6462E492A91A941005CB47D /* CrashView.swift */; };
/* End PBXBuildFile section */

/* Begin PBXFileReference section */
		B6462E2E2A91A822005CB47D /* ModalProblem.app */ = {isa = PBXFileReference; explicitFileType = wrapper.application; includeInIndex = 0; path = ModalProblem.app; sourceTree = BUILT_PRODUCTS_DIR; };
		B6462E312A91A822005CB47D /* ModalProblemApp.swift */ = {isa = PBXFileReference; lastKnownFileType = sourcecode.swift; path = ModalProblemApp.swift; sourceTree = "<group>"; };
		B6462E332A91A822005CB47D /* ContentView.swift */ = {isa = PBXFileReference; lastKnownFileType = sourcecode.swift; path = ContentView.swift; sourceTree = "<group>"; };
		B6462E352A91A823005CB47D /* Assets.xcassets */ = {isa = PBXFileReference; lastKnownFileType = folder.assetcatalog; path = Assets.xcassets; sourceTree = "<group>"; };
		B6462E382A91A823005CB47D /* Preview Assets.xcassets */ = {isa = PBXFileReference; lastKnownFileType = folder.assetcatalog; path = "Preview Assets.xcassets"; sourceTree = "<group>"; };
		B6462E3F2A91A84D005CB47D /* DismissManyView.swift */ = {isa = PBXFileReference; fileEncoding = 4; lastKnownFileType = sourcecode.swift; path = DismissManyView.swift; sourceTree = "<group>"; };
		B6462E402A91A84D005CB47D /* PresentManyView.swift */ = {isa = PBXFileReference; fileEncoding = 4; lastKnownFileType = sourcecode.swift; path = PresentManyView.swift; sourceTree = "<group>"; };
		B6462E432A91A878005CB47D /* SheetToFullScreenView.swift */ = {isa = PBXFileReference; lastKnownFileType = sourcecode.swift; path = SheetToFullScreenView.swift; sourceTree = "<group>"; };
		B6462E452A91A932005CB47D /* SheetToAlertView.swift */ = {isa = PBXFileReference; lastKnownFileType = sourcecode.swift; path = SheetToAlertView.swift; sourceTree = "<group>"; };
		B6462E472A91A93C005CB47D /* FreezeView.swift */ = {isa = PBXFileReference; lastKnownFileType = sourcecode.swift; path = FreezeView.swift; sourceTree = "<group>"; };
		B6462E492A91A941005CB47D /* CrashView.swift */ = {isa = PBXFileReference; lastKnownFileType = sourcecode.swift; path = CrashView.swift; sourceTree = "<group>"; };
/* End PBXFileReference section */

/* Begin PBXFrameworksBuildPhase section */
		B6462E2B2A91A822005CB47D /* Frameworks */ = {
			isa = PBXFrameworksBuildPhase;
			buildActionMask = 2147483647;
			files = (
			);
			runOnlyForDeploymentPostprocessing = 0;
		};
/* End PBXFrameworksBuildPhase section */

/* Begin PBXGroup section */
		B6462E252A91A822005CB47D = {
			isa = PBXGroup;
			children = (
				B6462E302A91A822005CB47D /* ModalProblem */,
				B6462E2F2A91A822005CB47D /* Products */,
			);
			sourceTree = "<group>";
		};
		B6462E2F2A91A822005CB47D /* Products */ = {
			isa = PBXGroup;
			children = (
				B6462E2E2A91A822005CB47D /* ModalProblem.app */,
			);
			name = Products;
			sourceTree = "<group>";
		};
		B6462E302A91A822005CB47D /* ModalProblem */ = {
			isa = PBXGroup;
			children = (
				B6462E312A91A822005CB47D /* ModalProblemApp.swift */,
				B6462E332A91A822005CB47D /* ContentView.swift */,
				B6462E402A91A84D005CB47D /* PresentManyView.swift */,
				B6462E3F2A91A84D005CB47D /* DismissManyView.swift */,
				B6462E432A91A878005CB47D /* SheetToFullScreenView.swift */,
				B6462E452A91A932005CB47D /* SheetToAlertView.swift */,
				B6462E472A91A93C005CB47D /* FreezeView.swift */,
				B6462E492A91A941005CB47D /* CrashView.swift */,
				B6462E352A91A823005CB47D /* Assets.xcassets */,
				B6462E372A91A823005CB47D /* Preview Content */,
			);
			path = ModalProblem;
			sourceTree = "<group>";
		};
		B6462E372A91A823005CB47D /* Preview Content */ = {
			isa = PBXGroup;
			children = (
				B6462E382A91A823005CB47D /* Preview Assets.xcassets */,
			);
			path = "Preview Content";
			sourceTree = "<group>";
		};
/* End PBXGroup section */

/* Begin PBXNativeTarget section */
		B6462E2D2A91A822005CB47D /* ModalProblem */ = {
			isa = PBXNativeTarget;
			buildConfigurationList = B6462E3C2A91A823005CB47D /* Build configuration list for PBXNativeTarget "ModalProblem" */;
			buildPhases = (
				B6462E2A2A91A822005CB47D /* Sources */,
				B6462E2B2A91A822005CB47D /* Frameworks */,
				B6462E2C2A91A822005CB47D /* Resources */,
			);
			buildRules = (
			);
			dependencies = (
			);
			name = ModalProblem;
			productName = ModalProblem;
			productReference = B6462E2E2A91A822005CB47D /* ModalProblem.app */;
			productType = "com.apple.product-type.application";
		};
/* End PBXNativeTarget section */

/* Begin PBXProject section */
		B6462E262A91A822005CB47D /* Project object */ = {
			isa = PBXProject;
			attributes = {
				BuildIndependentTargetsInParallel = 1;
				LastSwiftUpdateCheck = 1430;
				LastUpgradeCheck = 1430;
				TargetAttributes = {
					B6462E2D2A91A822005CB47D = {
						CreatedOnToolsVersion = 14.3.1;
					};
				};
			};
			buildConfigurationList = B6462E292A91A822005CB47D /* Build configuration list for PBXProject "ModalProblem" */;
			compatibilityVersion = "Xcode 14.0";
			developmentRegion = en;
			hasScannedForEncodings = 0;
			knownRegions = (
				en,
				Base,
			);
			mainGroup = B6462E252A91A822005CB47D;
			productRefGroup = B6462E2F2A91A822005CB47D /* Products */;
			projectDirPath = "";
			projectRoot = "";
			targets = (
				B6462E2D2A91A822005CB47D /* ModalProblem */,
			);
		};
/* End PBXProject section */

/* Begin PBXResourcesBuildPhase section */
		B6462E2C2A91A822005CB47D /* Resources */ = {
			isa = PBXResourcesBuildPhase;
			buildActionMask = 2147483647;
			files = (
				B6462E392A91A823005CB47D /* Preview Assets.xcassets in Resources */,
				B6462E362A91A823005CB47D /* Assets.xcassets in Resources */,
			);
			runOnlyForDeploymentPostprocessing = 0;
		};
/* End PBXResourcesBuildPhase section */

/* Begin PBXSourcesBuildPhase section */
		B6462E2A2A91A822005CB47D /* Sources */ = {
			isa = PBXSourcesBuildPhase;
			buildActionMask = 2147483647;
			files = (
				B6462E342A91A822005CB47D /* ContentView.swift in Sources */,
				B6462E422A91A84D005CB47D /* PresentManyView.swift in Sources */,
				B6462E462A91A932005CB47D /* SheetToAlertView.swift in Sources */,
				B6462E322A91A822005CB47D /* ModalProblemApp.swift in Sources */,
				B6462E482A91A93C005CB47D /* FreezeView.swift in Sources */,
				B6462E412A91A84D005CB47D /* DismissManyView.swift in Sources */,
				B6462E4A2A91A941005CB47D /* CrashView.swift in Sources */,
				B6462E442A91A878005CB47D /* SheetToFullScreenView.swift in Sources */,
			);
			runOnlyForDeploymentPostprocessing = 0;
		};
/* End PBXSourcesBuildPhase section */

/* Begin XCBuildConfiguration section */
		B6462E3A2A91A823005CB47D /* Debug */ = {
			isa = XCBuildConfiguration;
			buildSettings = {
				ALWAYS_SEARCH_USER_PATHS = NO;
				CLANG_ANALYZER_NONNULL = YES;
				CLANG_ANALYZER_NUMBER_OBJECT_CONVERSION = YES_AGGRESSIVE;
				CLANG_CXX_LANGUAGE_STANDARD = "gnu++20";
				CLANG_ENABLE_MODULES = YES;
				CLANG_ENABLE_OBJC_ARC = YES;
				CLANG_ENABLE_OBJC_WEAK = YES;
				CLANG_WARN_BLOCK_CAPTURE_AUTORELEASING = YES;
				CLANG_WARN_BOOL_CONVERSION = YES;
				CLANG_WARN_COMMA = YES;
				CLANG_WARN_CONSTANT_CONVERSION = YES;
				CLANG_WARN_DEPRECATED_OBJC_IMPLEMENTATIONS = YES;
				CLANG_WARN_DIRECT_OBJC_ISA_USAGE = YES_ERROR;
				CLANG_WARN_DOCUMENTATION_COMMENTS = YES;
				CLANG_WARN_EMPTY_BODY = YES;
				CLANG_WARN_ENUM_CONVERSION = YES;
				CLANG_WARN_INFINITE_RECURSION = YES;
				CLANG_WARN_INT_CONVERSION = YES;
				CLANG_WARN_NON_LITERAL_NULL_CONVERSION = YES;
				CLANG_WARN_OBJC_IMPLICIT_RETAIN_SELF = YES;
				CLANG_WARN_OBJC_LITERAL_CONVERSION = YES;
				CLANG_WARN_OBJC_ROOT_CLASS = YES_ERROR;
				CLANG_WARN_QUOTED_INCLUDE_IN_FRAMEWORK_HEADER = YES;
				CLANG_WARN_RANGE_LOOP_ANALYSIS = YES;
				CLANG_WARN_STRICT_PROTOTYPES = YES;
				CLANG_WARN_SUSPICIOUS_MOVE = YES;
				CLANG_WARN_UNGUARDED_AVAILABILITY = YES_AGGRESSIVE;
				CLANG_WARN_UNREACHABLE_CODE = YES;
				CLANG_WARN__DUPLICATE_METHOD_MATCH = YES;
				COPY_PHASE_STRIP = NO;
				DEBUG_INFORMATION_FORMAT = dwarf;
				ENABLE_STRICT_OBJC_MSGSEND = YES;
				ENABLE_TESTABILITY = YES;
				GCC_C_LANGUAGE_STANDARD = gnu11;
				GCC_DYNAMIC_NO_PIC = NO;
				GCC_NO_COMMON_BLOCKS = YES;
				GCC_OPTIMIZATION_LEVEL = 0;
				GCC_PREPROCESSOR_DEFINITIONS = (
					"DEBUG=1",
					"$(inherited)",
				);
				GCC_WARN_64_TO_32_BIT_CONVERSION = YES;
				GCC_WARN_ABOUT_RETURN_TYPE = YES_ERROR;
				GCC_WARN_UNDECLARED_SELECTOR = YES;
				GCC_WARN_UNINITIALIZED_AUTOS = YES_AGGRESSIVE;
				GCC_WARN_UNUSED_FUNCTION = YES;
				GCC_WARN_UNUSED_VARIABLE = YES;
				IPHONEOS_DEPLOYMENT_TARGET = 16.4;
				MTL_ENABLE_DEBUG_INFO = INCLUDE_SOURCE;
				MTL_FAST_MATH = YES;
				ONLY_ACTIVE_ARCH = YES;
				SDKROOT = iphoneos;
				SWIFT_ACTIVE_COMPILATION_CONDITIONS = DEBUG;
				SWIFT_OPTIMIZATION_LEVEL = "-Onone";
			};
			name = Debug;
		};
		B6462E3B2A91A823005CB47D /* Release */ = {
			isa = XCBuildConfiguration;
			buildSettings = {
				ALWAYS_SEARCH_USER_PATHS = NO;
				CLANG_ANALYZER_NONNULL = YES;
				CLANG_ANALYZER_NUMBER_OBJECT_CONVERSION = YES_AGGRESSIVE;
				CLANG_CXX_LANGUAGE_STANDARD = "gnu++20";
				CLANG_ENABLE_MODULES = YES;
				CLANG_ENABLE_OBJC_ARC = YES;
				CLANG_ENABLE_OBJC_WEAK = YES;
				CLANG_WARN_BLOCK_CAPTURE_AUTORELEASING = YES;
				CLANG_WARN_BOOL_CONVERSION = YES;
				CLANG_WARN_COMMA = YES;
				CLANG_WARN_CONSTANT_CONVERSION = YES;
				CLANG_WARN_DEPRECATED_OBJC_IMPLEMENTATIONS = YES;
				CLANG_WARN_DIRECT_OBJC_ISA_USAGE = YES_ERROR;
				CLANG_WARN_DOCUMENTATION_COMMENTS = YES;
				CLANG_WARN_EMPTY_BODY = YES;
				CLANG_WARN_ENUM_CONVERSION = YES;
				CLANG_WARN_INFINITE_RECURSION = YES;
				CLANG_WARN_INT_CONVERSION = YES;
				CLANG_WARN_NON_LITERAL_NULL_CONVERSION = YES;
				CLANG_WARN_OBJC_IMPLICIT_RETAIN_SELF = YES;
				CLANG_WARN_OBJC_LITERAL_CONVERSION = YES;
				CLANG_WARN_OBJC_ROOT_CLASS = YES_ERROR;
				CLANG_WARN_QUOTED_INCLUDE_IN_FRAMEWORK_HEADER = YES;
				CLANG_WARN_RANGE_LOOP_ANALYSIS = YES;
				CLANG_WARN_STRICT_PROTOTYPES = YES;
				CLANG_WARN_SUSPICIOUS_MOVE = YES;
				CLANG_WARN_UNGUARDED_AVAILABILITY = YES_AGGRESSIVE;
				CLANG_WARN_UNREACHABLE_CODE = YES;
				CLANG_WARN__DUPLICATE_METHOD_MATCH = YES;
				COPY_PHASE_STRIP = NO;
				DEBUG_INFORMATION_FORMAT = "dwarf-with-dsym";
				ENABLE_NS_ASSERTIONS = NO;
				ENABLE_STRICT_OBJC_MSGSEND = YES;
				GCC_C_LANGUAGE_STANDARD = gnu11;
				GCC_NO_COMMON_BLOCKS = YES;
				GCC_WARN_64_TO_32_BIT_CONVERSION = YES;
				GCC_WARN_ABOUT_RETURN_TYPE = YES_ERROR;
				GCC_WARN_UNDECLARED_SELECTOR = YES;
				GCC_WARN_UNINITIALIZED_AUTOS = YES_AGGRESSIVE;
				GCC_WARN_UNUSED_FUNCTION = YES;
				GCC_WARN_UNUSED_VARIABLE = YES;
				IPHONEOS_DEPLOYMENT_TARGET = 16.4;
				MTL_ENABLE_DEBUG_INFO = NO;
				MTL_FAST_MATH = YES;
				SDKROOT = iphoneos;
				SWIFT_COMPILATION_MODE = wholemodule;
				SWIFT_OPTIMIZATION_LEVEL = "-O";
				VALIDATE_PRODUCT = YES;
			};
			name = Release;
		};
		B6462E3D2A91A823005CB47D /* Debug */ = {
			isa = XCBuildConfiguration;
			buildSettings = {
				ASSETCATALOG_COMPILER_APPICON_NAME = AppIcon;
				ASSETCATALOG_COMPILER_GLOBAL_ACCENT_COLOR_NAME = AccentColor;
				CODE_SIGN_STYLE = Automatic;
				CURRENT_PROJECT_VERSION = 1;
				DEVELOPMENT_ASSET_PATHS = "\"ModalProblem/Preview Content\"";
				DEVELOPMENT_TEAM = WVVR5YE53F;
				ENABLE_PREVIEWS = YES;
				GENERATE_INFOPLIST_FILE = YES;
				INFOPLIST_KEY_UIApplicationSceneManifest_Generation = YES;
				INFOPLIST_KEY_UIApplicationSupportsIndirectInputEvents = YES;
				INFOPLIST_KEY_UILaunchScreen_Generation = YES;
				INFOPLIST_KEY_UISupportedInterfaceOrientations_iPad = "UIInterfaceOrientationPortrait UIInterfaceOrientationPortraitUpsideDown UIInterfaceOrientationLandscapeLeft UIInterfaceOrientationLandscapeRight";
				INFOPLIST_KEY_UISupportedInterfaceOrientations_iPhone = "UIInterfaceOrientationPortrait UIInterfaceOrientationLandscapeLeft UIInterfaceOrientationLandscapeRight";
				LD_RUNPATH_SEARCH_PATHS = (
					"$(inherited)",
					"@executable_path/Frameworks",
				);
				MARKETING_VERSION = 1.0;
				PRODUCT_BUNDLE_IDENTIFIER = "jp.objective-audio.ModalProblem";
				PRODUCT_NAME = "$(TARGET_NAME)";
				SWIFT_EMIT_LOC_STRINGS = YES;
				SWIFT_VERSION = 5.0;
				TARGETED_DEVICE_FAMILY = "1,2";
			};
			name = Debug;
		};
		B6462E3E2A91A823005CB47D /* Release */ = {
			isa = XCBuildConfiguration;
			buildSettings = {
				ASSETCATALOG_COMPILER_APPICON_NAME = AppIcon;
				ASSETCATALOG_COMPILER_GLOBAL_ACCENT_COLOR_NAME = AccentColor;
				CODE_SIGN_STYLE = Automatic;
				CURRENT_PROJECT_VERSION = 1;
				DEVELOPMENT_ASSET_PATHS = "\"ModalProblem/Preview Content\"";
				DEVELOPMENT_TEAM = WVVR5YE53F;
				ENABLE_PREVIEWS = YES;
				GENERATE_INFOPLIST_FILE = YES;
				INFOPLIST_KEY_UIApplicationSceneManifest_Generation = YES;
				INFOPLIST_KEY_UIApplicationSupportsIndirectInputEvents = YES;
				INFOPLIST_KEY_UILaunchScreen_Generation = YES;
				INFOPLIST_KEY_UISupportedInterfaceOrientations_iPad = "UIInterfaceOrientationPortrait UIInterfaceOrientationPortraitUpsideDown UIInterfaceOrientationLandscapeLeft UIInterfaceOrientationLandscapeRight";
				INFOPLIST_KEY_UISupportedInterfaceOrientations_iPhone = "UIInterfaceOrientationPortrait UIInterfaceOrientationLandscapeLeft UIInterfaceOrientationLandscapeRight";
				LD_RUNPATH_SEARCH_PATHS = (
					"$(inherited)",
					"@executable_path/Frameworks",
				);
				MARKETING_VERSION = 1.0;
				PRODUCT_BUNDLE_IDENTIFIER = "jp.objective-audio.ModalProblem";
				PRODUCT_NAME = "$(TARGET_NAME)";
				SWIFT_EMIT_LOC_STRINGS = YES;
				SWIFT_VERSION = 5.0;
				TARGETED_DEVICE_FAMILY = "1,2";
			};
			name = Release;
		};
/* End XCBuildConfiguration section */

/* Begin XCConfigurationList section */
		B6462E292A91A822005CB47D /* Build configuration list for PBXProject "ModalProblem" */ = {
			isa = XCConfigurationList;
			buildConfigurations = (
				B6462E3A2A91A823005CB47D /* Debug */,
				B6462E3B2A91A823005CB47D /* Release */,
			);
			defaultConfigurationIsVisible = 0;
			defaultConfigurationName = Release;
		};
		B6462E3C2A91A823005CB47D /* Build configuration list for PBXNativeTarget "ModalProblem" */ = {
			isa = XCConfigurationList;
			buildConfigurations = (
				B6462E3D2A91A823005CB47D /* Debug */,
				B6462E3E2A91A823005CB47D /* Release */,
			);
			defaultConfigurationIsVisible = 0;
			defaultConfigurationName = Release;
		};
/* End XCConfigurationList section */
	};
	rootObject = B6462E262A91A822005CB47D /* Project object */;
}
